
Microsoft Visual Studio Solution File, Format Version 12.00
# Visual Studio 15
VisualStudioVersion = 15.0.28307.1267
MinimumVisualStudioVersion = 10.0.40219.1
Project("{FAE04EC0-301F-11D3-BF4B-00C04F79EFBC}") = "Semana3.Android", "Semana3\Semana3.Android\Semana3.Android.csproj", "{9B771098-E2A7-44E1-A7E0-4E35A6AC5E9E}"
EndProject
Project("{FAE04EC0-301F-11D3-BF4B-00C04F79EFBC}") = "Semana3.iOS", "Semana3\Semana3.iOS\Semana3.iOS.csproj", "{0BB6AABA-91ED-456A-9020-0B808F79B792}"
EndProject
Project("{FAE04EC0-301F-11D3-BF4B-00C04F79EFBC}") = "Semana3", "Semana3\Semana3\Semana3.csproj", "{A13FD332-E138-4BBF-A485-DA8829A21A01}"
EndProject
Global
	GlobalSection(SolutionConfigurationPlatforms) = preSolution
		Ad-Hoc|Any CPU = Ad-Hoc|Any CPU
		Ad-Hoc|iPhone = Ad-Hoc|iPhone
		Ad-Hoc|iPhoneSimulator = Ad-Hoc|iPhoneSimulator
		AppStore|Any CPU = AppStore|Any CPU
		AppStore|iPhone = AppStore|iPhone
		AppStore|iPhoneSimulator = AppStore|iPhoneSimulator
		Debug|Any CPU = Debug|Any CPU
		Debug|iPhone = Debug|iPhone
		Debug|iPhoneSimulator = Debug|iPhoneSimulator
		Release|Any CPU = Release|Any CPU
		Release|iPhone = Release|iPhone
		Release|iPhoneSimulator = Release|iPhoneSimulator
	EndGlobalSection
	GlobalSection(ProjectConfigurationPlatforms) = postSolution
		{9B771098-E2A7-44E1-A7E0-4E35A6AC5E9E}.Ad-Hoc|Any CPU.ActiveCfg = Release|Any CPU
		{9B771098-E2A7-44E1-A7E0-4E35A6AC5E9E}.Ad-Hoc|Any CPU.Build.0 = Release|Any CPU
		{9B771098-E2A7-44E1-A7E0-4E35A6AC5E9E}.Ad-Hoc|Any CPU.Deploy.0 = Release|Any CPU
		{9B771098-E2A7-44E1-A7E0-4E35A6AC5E9E}.Ad-Hoc|iPhone.ActiveCfg = Release|Any CPU
		{9B771098-E2A7-44E1-A7E0-4E35A6AC5E9E}.Ad-Hoc|iPhone.Build.0 = Release|Any CPU
		{9B771098-E2A7-44E1-A7E0-4E35A6AC5E9E}.Ad-Hoc|iPhone.Deploy.0 = Release|Any CPU
		{9B771098-E2A7-44E1-A7E0-4E35A6AC5E9E}.Ad-Hoc|iPhoneSimulator.ActiveCfg = Release|Any CPU
		{9B771098-E2A7-44E1-A7E0-4E35A6AC5E9E}.Ad-Hoc|iPhoneSimulator.Build.0 = Release|Any CPU
		{9B771098-E2A7-44E1-A7E0-4E35A6AC5E9E}.Ad-Hoc|iPhoneSimulator.Deploy.0 = Release|Any CPU
		{9B771098-E2A7-44E1-A7E0-4E35A6AC5E9E}.AppStore|Any CPU.ActiveCfg = Release|Any CPU
		{9B771098-E2A7-44E1-A7E0-4E35A6AC5E9E}.AppStore|Any CPU.Build.0 = Release|Any CPU
		{9B771098-E2A7-44E1-A7E0-4E35A6AC5E9E}.AppStore|Any CPU.Deploy.0 = Release|Any CPU
		{9B771098-E2A7-44E1-A7E0-4E35A6AC5E9E}.AppStore|iPhone.ActiveCfg = Release|Any CPU
		{9B771098-E2A7-44E1-A7E0-4E35A6AC5E9E}.AppStore|iPhone.Build.0 = Release|Any CPU
		{9B771098-E2A7-44E1-A7E0-4E35A6AC5E9E}.AppStore|iPhone.Deploy.0 = Release|Any CPU
		{9B771098-E2A7-44E1-A7E0-4E35A6AC5E9E}.AppStore|iPhoneSimulator.ActiveCfg = Release|Any CPU
		{9B771098-E2A7-44E1-A7E0-4E35A6AC5E9E}.AppStore|iPhoneSimulator.Build.0 = Release|Any CPU
		{9B771098-E2A7-44E1-A7E0-4E35A6AC5E9E}.AppStore|iPhoneSimulator.Deploy.0 = Release|Any CPU
		{9B771098-E2A7-44E1-A7E0-4E35A6AC5E9E}.Debug|Any CPU.ActiveCfg = Debug|Any CPU
		{9B771098-E2A7-44E1-A7E0-4E35A6AC5E9E}.Debug|Any CPU.Build.0 = Debug|Any CPU
		{9B771098-E2A7-44E1-A7E0-4E35A6AC5E9E}.Debug|Any CPU.Deploy.0 = Debug|Any CPU
		{9B771098-E2A7-44E1-A7E0-4E35A6AC5E9E}.Debug|iPhone.ActiveCfg = Debug|Any CPU
		{9B771098-E2A7-44E1-A7E0-4E35A6AC5E9E}.Debug|iPhone.Build.0 = Debug|Any CPU
		{9B771098-E2A7-44E1-A7E0-4E35A6AC5E9E}.Debug|iPhone.Deploy.0 = Debug|Any CPU
		{9B771098-E2A7-44E1-A7E0-4E35A6AC5E9E}.Debug|iPhoneSimulator.ActiveCfg = Debug|Any CPU
		{9B771098-E2A7-44E1-A7E0-4E35A6AC5E9E}.Debug|iPhoneSimulator.Build.0 = Debug|Any CPU
		{9B771098-E2A7-44E1-A7E0-4E35A6AC5E9E}.Debug|iPhoneSimulator.Deploy.0 = Debug|Any CPU
		{9B771098-E2A7-44E1-A7E0-4E35A6AC5E9E}.Release|Any CPU.ActiveCfg = Release|Any CPU
		{9B771098-E2A7-44E1-A7E0-4E35A6AC5E9E}.Release|Any CPU.Build.0 = Release|Any CPU
		{9B771098-E2A7-44E1-A7E0-4E35A6AC5E9E}.Release|Any CPU.Deploy.0 = Release|Any CPU
		{9B771098-E2A7-44E1-A7E0-4E35A6AC5E9E}.Release|iPhone.ActiveCfg = Release|Any CPU
		{9B771098-E2A7-44E1-A7E0-4E35A6AC5E9E}.Release|iPhone.Build.0 = Release|Any CPU
		{9B771098-E2A7-44E1-A7E0-4E35A6AC5E9E}.Release|iPhone.Deploy.0 = Release|Any CPU
		{9B771098-E2A7-44E1-A7E0-4E35A6AC5E9E}.Release|iPhoneSimulator.ActiveCfg = Release|Any CPU
		{9B771098-E2A7-44E1-A7E0-4E35A6AC5E9E}.Release|iPhoneSimulator.Build.0 = Release|Any CPU
		{9B771098-E2A7-44E1-A7E0-4E35A6AC5E9E}.Release|iPhoneSimulator.Deploy.0 = Release|Any CPU
		{0BB6AABA-91ED-456A-9020-0B808F79B792}.Ad-Hoc|Any CPU.ActiveCfg = Ad-Hoc|iPhone
		{0BB6AABA-91ED-456A-9020-0B808F79B792}.Ad-Hoc|Any CPU.Build.0 = Ad-Hoc|iPhone
		{0BB6AABA-91ED-456A-9020-0B808F79B792}.Ad-Hoc|Any CPU.Deploy.0 = Ad-Hoc|iPhone
		{0BB6AABA-91ED-456A-9020-0B808F79B792}.Ad-Hoc|iPhone.ActiveCfg = Ad-Hoc|iPhone
		{0BB6AABA-91ED-456A-9020-0B808F79B792}.Ad-Hoc|iPhone.Build.0 = Ad-Hoc|iPhone
		{0BB6AABA-91ED-456A-9020-0B808F79B792}.Ad-Hoc|iPhone.Deploy.0 = Ad-Hoc|iPhone
		{0BB6AABA-91ED-456A-9020-0B808F79B792}.Ad-Hoc|iPhoneSimulator.ActiveCfg = Ad-Hoc|iPhoneSimulator
		{0BB6AABA-91ED-456A-9020-0B808F79B792}.Ad-Hoc|iPhoneSimulator.Build.0 = Ad-Hoc|iPhoneSimulator
		{0BB6AABA-91ED-456A-9020-0B808F79B792}.Ad-Hoc|iPhoneSimulator.Deploy.0 = Ad-Hoc|iPhoneSimulator
		{0BB6AABA-91ED-456A-9020-0B808F79B792}.AppStore|Any CPU.ActiveCfg = AppStore|iPhone
		{0BB6AABA-91ED-456A-9020-0B808F79B792}.AppStore|Any CPU.Build.0 = AppStore|iPhone
		{0BB6AABA-91ED-456A-9020-0B808F79B792}.AppStore|Any CPU.Deploy.0 = AppStore|iPhone
		{0BB6AABA-91ED-456A-9020-0B808F79B792}.AppStore|iPhone.ActiveCfg = AppStore|iPhone
		{0BB6AABA-91ED-456A-9020-0B808F79B792}.AppStore|iPhone.Build.0 = AppStore|iPhone
		{0BB6AABA-91ED-456A-9020-0B808F79B792}.AppStore|iPhone.Deploy.0 = AppStore|iPhone
		{0BB6AABA-91ED-456A-9020-0B808F79B792}.AppStore|iPhoneSimulator.ActiveCfg = AppStore|iPhoneSimulator
		{0BB6AABA-91ED-456A-9020-0B808F79B792}.AppStore|iPhoneSimulator.Build.0 = AppStore|iPhoneSimulator
		{0BB6AABA-91ED-456A-9020-0B808F79B792}.AppStore|iPhoneSimulator.Deploy.0 = AppStore|iPhoneSimulator
		{0BB6AABA-91ED-456A-9020-0B808F79B792}.Debug|Any CPU.ActiveCfg = Debug|iPhoneSimulator
		{0BB6AABA-91ED-456A-9020-0B808F79B792}.Debug|Any CPU.Build.0 = Debug|iPhoneSimulator
		{0BB6AABA-91ED-456A-9020-0B808F79B792}.Debug|Any CPU.Deploy.0 = Debug|iPhoneSimulator
		{0BB6AABA-91ED-456A-9020-0B808F79B792}.Debug|iPhone.ActiveCfg = Debug|iPhone
		{0BB6AABA-91ED-456A-9020-0B808F79B792}.Debug|iPhone.Build.0 = Debug|iPhone
		{0BB6AABA-91ED-456A-9020-0B808F79B792}.Debug|iPhone.Deploy.0 = Debug|iPhone
		{0BB6AABA-91ED-456A-9020-0B808F79B792}.Debug|iPhoneSimulator.ActiveCfg = Debug|iPhoneSimulator
		{0BB6AABA-91ED-456A-9020-0B808F79B792}.Debug|iPhoneSimulator.Build.0 = Debug|iPhoneSimulator
		{0BB6AABA-91ED-456A-9020-0B808F79B792}.Debug|iPhoneSimulator.Deploy.0 = Debug|iPhoneSimulator
		{0BB6AABA-91ED-456A-9020-0B808F79B792}.Release|Any CPU.ActiveCfg = Release|iPhone
		{0BB6AABA-91ED-456A-9020-0B808F79B792}.Release|Any CPU.Build.0 = Release|iPhone
		{0BB6AABA-91ED-456A-9020-0B808F79B792}.Release|Any CPU.Deploy.0 = Release|iPhone
		{0BB6AABA-91ED-456A-9020-0B808F79B792}.Release|iPhone.ActiveCfg = Release|iPhone
		{0BB6AABA-91ED-456A-9020-0B808F79B792}.Release|iPhone.Build.0 = Release|iPhone
		{0BB6AABA-91ED-456A-9020-0B808F79B792}.Release|iPhone.Deploy.0 = Release|iPhone
		{0BB6AABA-91ED-456A-9020-0B808F79B792}.Release|iPhoneSimulator.ActiveCfg = Release|iPhoneSimulator
		{0BB6AABA-91ED-456A-9020-0B808F79B792}.Release|iPhoneSimulator.Build.0 = Release|iPhoneSimulator
		{0BB6AABA-91ED-456A-9020-0B808F79B792}.Release|iPhoneSimulator.Deploy.0 = Release|iPhoneSimulator
		{A13FD332-E138-4BBF-A485-DA8829A21A01}.Ad-Hoc|Any CPU.ActiveCfg = Debug|Any CPU
		{A13FD332-E138-4BBF-A485-DA8829A21A01}.Ad-Hoc|Any CPU.Build.0 = Debug|Any CPU
		{A13FD332-E138-4BBF-A485-DA8829A21A01}.Ad-Hoc|Any CPU.Deploy.0 = Debug|Any CPU
		{A13FD332-E138-4BBF-A485-DA8829A21A01}.Ad-Hoc|iPhone.ActiveCfg = Debug|Any CPU
		{A13FD332-E138-4BBF-A485-DA8829A21A01}.Ad-Hoc|iPhone.Build.0 = Debug|Any CPU
		{A13FD332-E138-4BBF-A485-DA8829A21A01}.Ad-Hoc|iPhone.Deploy.0 = Debug|Any CPU
		{A13FD332-E138-4BBF-A485-DA8829A21A01}.Ad-Hoc|iPhoneSimulator.ActiveCfg = Debug|Any CPU
		{A13FD332-E138-4BBF-A485-DA8829A21A01}.Ad-Hoc|iPhoneSimulator.Build.0 = Debug|Any CPU
		{A13FD332-E138-4BBF-A485-DA8829A21A01}.Ad-Hoc|iPhoneSimulator.Deploy.0 = Debug|Any CPU
		{A13FD332-E138-4BBF-A485-DA8829A21A01}.AppStore|Any CPU.ActiveCfg = Debug|Any CPU
		{A13FD332-E138-4BBF-A485-DA8829A21A01}.AppStore|Any CPU.Build.0 = Debug|Any CPU
		{A13FD332-E138-4BBF-A485-DA8829A21A01}.AppStore|Any CPU.Deploy.0 = Debug|Any CPU
		{A13FD332-E138-4BBF-A485-DA8829A21A01}.AppStore|iPhone.ActiveCfg = Debug|Any CPU
		{A13FD332-E138-4BBF-A485-DA8829A21A01}.AppStore|iPhone.Build.0 = Debug|Any CPU
		{A13FD332-E138-4BBF-A485-DA8829A21A01}.AppStore|iPhone.Deploy.0 = Debug|Any CPU
		{A13FD332-E138-4BBF-A485-DA8829A21A01}.AppStore|iPhoneSimulator.ActiveCfg = Debug|Any CPU
		{A13FD332-E138-4BBF-A485-DA8829A21A01}.AppStore|iPhoneSimulator.Build.0 = Debug|Any CPU
		{A13FD332-E138-4BBF-A485-DA8829A21A01}.AppStore|iPhoneSimulator.Deploy.0 = Debug|Any CPU
		{A13FD332-E138-4BBF-A485-DA8829A21A01}.Debug|Any CPU.ActiveCfg = Debug|Any CPU
		{A13FD332-E138-4BBF-A485-DA8829A21A01}.Debug|Any CPU.Build.0 = Debug|Any CPU
		{A13FD332-E138-4BBF-A485-DA8829A21A01}.Debug|Any CPU.Deploy.0 = Debug|Any CPU
		{A13FD332-E138-4BBF-A485-DA8829A21A01}.Debug|iPhone.ActiveCfg = Debug|Any CPU
		{A13FD332-E138-4BBF-A485-DA8829A21A01}.Debug|iPhone.Build.0 = Debug|Any CPU
		{A13FD332-E138-4BBF-A485-DA8829A21A01}.Debug|iPhone.Deploy.0 = Debug|Any CPU
		{A13FD332-E138-4BBF-A485-DA8829A21A01}.Debug|iPhoneSimulator.ActiveCfg = Debug|Any CPU
		{A13FD332-E138-4BBF-A485-DA8829A21A01}.Debug|iPhoneSimulator.Build.0 = Debug|Any CPU
		{A13FD332-E138-4BBF-A485-DA8829A21A01}.Debug|iPhoneSimulator.Deploy.0 = Debug|Any CPU
		{A13FD332-E138-4BBF-A485-DA8829A21A01}.Release|Any CPU.ActiveCfg = Release|Any CPU
		{A13FD332-E138-4BBF-A485-DA8829A21A01}.Release|Any CPU.Build.0 = Release|Any CPU
		{A13FD332-E138-4BBF-A485-DA8829A21A01}.Release|Any CPU.Deploy.0 = Release|Any CPU
		{A13FD332-E138-4BBF-A485-DA8829A21A01}.Release|iPhone.ActiveCfg = Release|Any CPU
		{A13FD332-E138-4BBF-A485-DA8829A21A01}.Release|iPhone.Build.0 = Release|Any CPU
		{A13FD332-E138-4BBF-A485-DA8829A21A01}.Release|iPhone.Deploy.0 = Release|Any CPU
		{A13FD332-E138-4BBF-A485-DA8829A21A01}.Release|iPhoneSimulator.ActiveCfg = Release|Any CPU
		{A13FD332-E138-4BBF-A485-DA8829A21A01}.Release|iPhoneSimulator.Build.0 = Release|Any CPU
		{A13FD332-E138-4BBF-A485-DA8829A21A01}.Release|iPhoneSimulator.Deploy.0 = Release|Any CPU
	EndGlobalSection
	GlobalSection(SolutionProperties) = preSolution
		HideSolutionNode = FALSE
	EndGlobalSection
	GlobalSection(ExtensibilityGlobals) = postSolution
		SolutionGuid = {D324C03A-61EB-48FC-AE13-65B6531BC31C}
	EndGlobalSection
EndGlobal
